// !$*UTF8*$!
{
	archiveVersion = 1;
	classes = {
	};
	objectVersion = 54;
	objects = {

/* Begin PBXBuildFile section */
		C353EE6225DD9C8100BFA485 /* AppDelegate.swift in Sources */ = {isa = PBXBuildFile; fileRef = C353EE6125DD9C8100BFA485 /* AppDelegate.swift */; };
		C353EE6425DD9C8100BFA485 /* SceneDelegate.swift in Sources */ = {isa = PBXBuildFile; fileRef = C353EE6325DD9C8100BFA485 /* SceneDelegate.swift */; };
		C353EE6925DD9C8100BFA485 /* Main.storyboard in Resources */ = {isa = PBXBuildFile; fileRef = C353EE6725DD9C8100BFA485 /* Main.storyboard */; };
		C353EE6B25DD9C8200BFA485 /* Assets.xcassets in Resources */ = {isa = PBXBuildFile; fileRef = C353EE6A25DD9C8200BFA485 /* Assets.xcassets */; };
		C353EE6E25DD9C8200BFA485 /* LaunchScreen.storyboard in Resources */ = {isa = PBXBuildFile; fileRef = C353EE6C25DD9C8200BFA485 /* LaunchScreen.storyboard */; };
		C353EE7825DDA10000BFA485 /* landscapeDetails.plist in Resources */ = {isa = PBXBuildFile; fileRef = C353EE7725DDA10000BFA485 /* landscapeDetails.plist */; };
		C353EE7C25DDA25700BFA485 /* PrimaryTableViewController.swift in Sources */ = {isa = PBXBuildFile; fileRef = C353EE7B25DDA25700BFA485 /* PrimaryTableViewController.swift */; };
		C353EE7F25DDA27C00BFA485 /* SecondaryViewController.swift in Sources */ = {isa = PBXBuildFile; fileRef = C353EE7E25DDA27C00BFA485 /* SecondaryViewController.swift */; };
		C353EE8225DDA31D00BFA485 /* locationData.swift in Sources */ = {isa = PBXBuildFile; fileRef = C353EE8125DDA31D00BFA485 /* locationData.swift */; };
		C353EE8525DDA36700BFA485 /* DataHandler.swift in Sources */ = {isa = PBXBuildFile; fileRef = C353EE8425DDA36700BFA485 /* DataHandler.swift */; };
/* End PBXBuildFile section */

/* Begin PBXFileReference section */
		C353EE5E25DD9C8100BFA485 /* Landscape Details.app */ = {isa = PBXFileReference; explicitFileType = wrapper.application; includeInIndex = 0; path = "Landscape Details.app"; sourceTree = BUILT_PRODUCTS_DIR; };
		C353EE6125DD9C8100BFA485 /* AppDelegate.swift */ = {isa = PBXFileReference; lastKnownFileType = sourcecode.swift; path = AppDelegate.swift; sourceTree = "<group>"; };
		C353EE6325DD9C8100BFA485 /* SceneDelegate.swift */ = {isa = PBXFileReference; lastKnownFileType = sourcecode.swift; path = SceneDelegate.swift; sourceTree = "<group>"; };
		C353EE6825DD9C8100BFA485 /* Base */ = {isa = PBXFileReference; lastKnownFileType = file.storyboard; name = Base; path = Base.lproj/Main.storyboard; sourceTree = "<group>"; };
		C353EE6A25DD9C8200BFA485 /* Assets.xcassets */ = {isa = PBXFileReference; lastKnownFileType = folder.assetcatalog; path = Assets.xcassets; sourceTree = "<group>"; };
		C353EE6D25DD9C8200BFA485 /* Base */ = {isa = PBXFileReference; lastKnownFileType = file.storyboard; name = Base; path = Base.lproj/LaunchScreen.storyboard; sourceTree = "<group>"; };
		C353EE6F25DD9C8200BFA485 /* Info.plist */ = {isa = PBXFileReference; lastKnownFileType = text.plist.xml; path = Info.plist; sourceTree = "<group>"; };
		C353EE7725DDA10000BFA485 /* landscapeDetails.plist */ = {isa = PBXFileReference; fileEncoding = 4; lastKnownFileType = text.plist.xml; path = landscapeDetails.plist; sourceTree = "<group>"; };
		C353EE7B25DDA25700BFA485 /* PrimaryTableViewController.swift */ = {isa = PBXFileReference; lastKnownFileType = sourcecode.swift; path = PrimaryTableViewController.swift; sourceTree = "<group>"; };
		C353EE7E25DDA27C00BFA485 /* SecondaryViewController.swift */ = {isa = PBXFileReference; lastKnownFileType = sourcecode.swift; path = SecondaryViewController.swift; sourceTree = "<group>"; };
		C353EE8125DDA31D00BFA485 /* locationData.swift */ = {isa = PBXFileReference; lastKnownFileType = sourcecode.swift; path = locationData.swift; sourceTree = "<group>"; };
		C353EE8425DDA36700BFA485 /* DataHandler.swift */ = {isa = PBXFileReference; lastKnownFileType = sourcecode.swift; path = DataHandler.swift; sourceTree = "<group>"; };
/* End PBXFileReference section */

/* Begin PBXFrameworksBuildPhase section */
		C353EE5B25DD9C8100BFA485 /* Frameworks */ = {
			isa = PBXFrameworksBuildPhase;
			buildActionMask = 2147483647;
			files = (
			);
			runOnlyForDeploymentPostprocessing = 0;
		};
/* End PBXFrameworksBuildPhase section */

/* Begin PBXGroup section */
		C353EE5525DD9C8100BFA485 = {
			isa = PBXGroup;
			children = (
				C353EE6025DD9C8100BFA485 /* Landscape Details */,
				C353EE5F25DD9C8100BFA485 /* Products */,
			);
			sourceTree = "<group>";
		};
		C353EE5F25DD9C8100BFA485 /* Products */ = {
			isa = PBXGroup;
			children = (
				C353EE5E25DD9C8100BFA485 /* Landscape Details.app */,
			);
			name = Products;
			sourceTree = "<group>";
		};
		C353EE6025DD9C8100BFA485 /* Landscape Details */ = {
			isa = PBXGroup;
			children = (
				C353EE6125DD9C8100BFA485 /* AppDelegate.swift */,
				C353EE6325DD9C8100BFA485 /* SceneDelegate.swift */,
				C353EE6725DD9C8100BFA485 /* Main.storyboard */,
				C353EE8425DDA36700BFA485 /* DataHandler.swift */,
				C353EE8125DDA31D00BFA485 /* locationData.swift */,
				C353EE7E25DDA27C00BFA485 /* SecondaryViewController.swift */,
				C353EE7B25DDA25700BFA485 /* PrimaryTableViewController.swift */,
				C353EE6A25DD9C8200BFA485 /* Assets.xcassets */,
				C353EE6C25DD9C8200BFA485 /* LaunchScreen.storyboard */,
				C353EE6F25DD9C8200BFA485 /* Info.plist */,
				C353EE7725DDA10000BFA485 /* landscapeDetails.plist */,
			);
			path = "Landscape Details";
			sourceTree = "<group>";
		};
/* End PBXGroup section */

/* Begin PBXNativeTarget section */
		C353EE5D25DD9C8100BFA485 /* Landscape Details */ = {
			isa = PBXNativeTarget;
			buildConfigurationList = C353EE7225DD9C8200BFA485 /* Build configuration list for PBXNativeTarget "Landscape Details" */;
			buildPhases = (
				C353EE5A25DD9C8100BFA485 /* Sources */,
				C353EE5B25DD9C8100BFA485 /* Frameworks */,
				C353EE5C25DD9C8100BFA485 /* Resources */,
			);
			buildRules = (
			);
			dependencies = (
			);
			name = "Landscape Details";
			productName = "Landscape Details";
			productReference = C353EE5E25DD9C8100BFA485 /* Landscape Details.app */;
			productType = "com.apple.product-type.application";
		};
/* End PBXNativeTarget section */

/* Begin PBXProject section */
		C353EE5625DD9C8100BFA485 /* Project object */ = {
			isa = PBXProject;
			attributes = {
				LastSwiftUpdateCheck = 1240;
				LastUpgradeCheck = 1240;
				TargetAttributes = {
					C353EE5D25DD9C8100BFA485 = {
						CreatedOnToolsVersion = 12.4;
					};
				};
			};
			buildConfigurationList = C353EE5925DD9C8100BFA485 /* Build configuration list for PBXProject "Landscape Details" */;
			compatibilityVersion = "Xcode 12.0";
			developmentRegion = en;
			hasScannedForEncodings = 0;
			knownRegions = (
				en,
				Base,
			);
			mainGroup = C353EE5525DD9C8100BFA485;
			productRefGroup = C353EE5F25DD9C8100BFA485 /* Products */;
			projectDirPath = "";
			projectRoot = "";
			targets = (
				C353EE5D25DD9C8100BFA485 /* Landscape Details */,
			);
		};
/* End PBXProject section */

/* Begin PBXResourcesBuildPhase section */
		C353EE5C25DD9C8100BFA485 /* Resources */ = {
			isa = PBXResourcesBuildPhase;
			buildActionMask = 2147483647;
			files = (
				C353EE6E25DD9C8200BFA485 /* LaunchScreen.storyboard in Resources */,
				C353EE7825DDA10000BFA485 /* landscapeDetails.plist in Resources */,
				C353EE6B25DD9C8200BFA485 /* Assets.xcassets in Resources */,
				C353EE6925DD9C8100BFA485 /* Main.storyboard in Resources */,
			);
			runOnlyForDeploymentPostprocessing = 0;
		};
/* End PBXResourcesBuildPhase section */

/* Begin PBXSourcesBuildPhase section */
		C353EE5A25DD9C8100BFA485 /* Sources */ = {
			isa = PBXSourcesBuildPhase;
			buildActionMask = 2147483647;
			files = (
				C353EE6225DD9C8100BFA485 /* AppDelegate.swift in Sources */,
				C353EE6425DD9C8100BFA485 /* SceneDelegate.swift in Sources */,
				C353EE7C25DDA25700BFA485 /* PrimaryTableViewController.swift in Sources */,
				C353EE7F25DDA27C00BFA485 /* SecondaryViewController.swift in Sources */,
				C353EE8525DDA36700BFA485 /* DataHandler.swift in Sources */,
				C353EE8225DDA31D00BFA485 /* locationData.swift in Sources */,
			);
			runOnlyForDeploymentPostprocessing = 0;
		};
/* End PBXSourcesBuildPhase section */

/* Begin PBXVariantGroup section */
		C353EE6725DD9C8100BFA485 /* Main.storyboard */ = {
			isa = PBXVariantGroup;
			children = (
				C353EE6825DD9C8100BFA485 /* Base */,
			);
			name = Main.storyboard;
			sourceTree = "<group>";
		};
		C353EE6C25DD9C8200BFA485 /* LaunchScreen.storyboard */ = {
			isa = PBXVariantGroup;
			children = (
				C353EE6D25DD9C8200BFA485 /* Base */,
			);
			name = LaunchScreen.storyboard;
			sourceTree = "<group>";
		};
/* End PBXVariantGroup section */

/* Begin XCBuildConfiguration section */
		C353EE7025DD9C8200BFA485 /* Debug */ = {
			isa = XCBuildConfiguration;
			buildSettings = {
				ALWAYS_SEARCH_USER_PATHS = NO;
				CLANG_ANALYZER_NONNULL = YES;
				CLANG_ANALYZER_NUMBER_OBJECT_CONVERSION = YES_AGGRESSIVE;
				CLANG_CXX_LANGUAGE_STANDARD = "gnu++14";
				CLANG_CXX_LIBRARY = "libc++";
				CLANG_ENABLE_MODULES = YES;
				CLANG_ENABLE_OBJC_ARC = YES;
				CLANG_ENABLE_OBJC_WEAK = YES;
				CLANG_WARN_BLOCK_CAPTURE_AUTORELEASING = YES;
				CLANG_WARN_BOOL_CONVERSION = YES;
				CLANG_WARN_COMMA = YES;
				CLANG_WARN_CONSTANT_CONVERSION = YES;
				CLANG_WARN_DEPRECATED_OBJC_IMPLEMENTATIONS = YES;
				CLANG_WARN_DIRECT_OBJC_ISA_USAGE = YES_ERROR;
				CLANG_WARN_DOCUMENTATION_COMMENTS = YES;
				CLANG_WARN_EMPTY_BODY = YES;
				CLANG_WARN_ENUM_CONVERSION = YES;
				CLANG_WARN_INFINITE_RECURSION = YES;
				CLANG_WARN_INT_CONVERSION = YES;
				CLANG_WARN_NON_LITERAL_NULL_CONVERSION = YES;
				CLANG_WARN_OBJC_IMPLICIT_RETAIN_SELF = YES;
				CLANG_WARN_OBJC_LITERAL_CONVERSION = YES;
				CLANG_WARN_OBJC_ROOT_CLASS = YES_ERROR;
				CLANG_WARN_QUOTED_INCLUDE_IN_FRAMEWORK_HEADER = YES;
				CLANG_WARN_RANGE_LOOP_ANALYSIS = YES;
				CLANG_WARN_STRICT_PROTOTYPES = YES;
				CLANG_WARN_SUSPICIOUS_MOVE = YES;
				CLANG_WARN_UNGUARDED_AVAILABILITY = YES_AGGRESSIVE;
				CLANG_WARN_UNREACHABLE_CODE = YES;
				CLANG_WARN__DUPLICATE_METHOD_MATCH = YES;
				COPY_PHASE_STRIP = NO;
				DEBUG_INFORMATION_FORMAT = dwarf;
				ENABLE_STRICT_OBJC_MSGSEND = YES;
				ENABLE_TESTABILITY = YES;
				GCC_C_LANGUAGE_STANDARD = gnu11;
				GCC_DYNAMIC_NO_PIC = NO;
				GCC_NO_COMMON_BLOCKS = YES;
				GCC_OPTIMIZATION_LEVEL = 0;
				GCC_PREPROCESSOR_DEFINITIONS = (
					"DEBUG=1",
					"$(inherited)",
				);
				GCC_WARN_64_TO_32_BIT_CONVERSION = YES;
				GCC_WARN_ABOUT_RETURN_TYPE = YES_ERROR;
				GCC_WARN_UNDECLARED_SELECTOR = YES;
				GCC_WARN_UNINITIALIZED_AUTOS = YES_AGGRESSIVE;
				GCC_WARN_UNUSED_FUNCTION = YES;
				GCC_WARN_UNUSED_VARIABLE = YES;
				IPHONEOS_DEPLOYMENT_TARGET = 14.4;
				MTL_ENABLE_DEBUG_INFO = INCLUDE_SOURCE;
				MTL_FAST_MATH = YES;
				ONLY_ACTIVE_ARCH = YES;
				SDKROOT = iphoneos;
				SWIFT_ACTIVE_COMPILATION_CONDITIONS = DEBUG;
				SWIFT_OPTIMIZATION_LEVEL = "-Onone";
			};
			name = Debug;
		};
		C353EE7125DD9C8200BFA485 /* Release */ = {
			isa = XCBuildConfiguration;
			buildSettings = {
				ALWAYS_SEARCH_USER_PATHS = NO;
				CLANG_ANALYZER_NONNULL = YES;
				CLANG_ANALYZER_NUMBER_OBJECT_CONVERSION = YES_AGGRESSIVE;
				CLANG_CXX_LANGUAGE_STANDARD = "gnu++14";
				CLANG_CXX_LIBRARY = "libc++";
				CLANG_ENABLE_MODULES = YES;
				CLANG_ENABLE_OBJC_ARC = YES;
				CLANG_ENABLE_OBJC_WEAK = YES;
				CLANG_WARN_BLOCK_CAPTURE_AUTORELEASING = YES;
				CLANG_WARN_BOOL_CONVERSION = YES;
				CLANG_WARN_COMMA = YES;
				CLANG_WARN_CONSTANT_CONVERSION = YES;
				CLANG_WARN_DEPRECATED_OBJC_IMPLEMENTATIONS = YES;
				CLANG_WARN_DIRECT_OBJC_ISA_USAGE = YES_ERROR;
				CLANG_WARN_DOCUMENTATION_COMMENTS = YES;
				CLANG_WARN_EMPTY_BODY = YES;
				CLANG_WARN_ENUM_CONVERSION = YES;
				CLANG_WARN_INFINITE_RECURSION = YES;
				CLANG_WARN_INT_CONVERSION = YES;
				CLANG_WARN_NON_LITERAL_NULL_CONVERSION = YES;
				CLANG_WARN_OBJC_IMPLICIT_RETAIN_SELF = YES;
				CLANG_WARN_OBJC_LITERAL_CONVERSION = YES;
				CLANG_WARN_OBJC_ROOT_CLASS = YES_ERROR;
				CLANG_WARN_QUOTED_INCLUDE_IN_FRAMEWORK_HEADER = YES;
				CLANG_WARN_RANGE_LOOP_ANALYSIS = YES;
				CLANG_WARN_STRICT_PROTOTYPES = YES;
				CLANG_WARN_SUSPICIOUS_MOVE = YES;
				CLANG_WARN_UNGUARDED_AVAILABILITY = YES_AGGRESSIVE;
				CLANG_WARN_UNREACHABLE_CODE = YES;
				CLANG_WARN__DUPLICATE_METHOD_MATCH = YES;
				COPY_PHASE_STRIP = NO;
				DEBUG_INFORMATION_FORMAT = "dwarf-with-dsym";
				ENABLE_NS_ASSERTIONS = NO;
				ENABLE_STRICT_OBJC_MSGSEND = YES;
				GCC_C_LANGUAGE_STANDARD = gnu11;
				GCC_NO_COMMON_BLOCKS = YES;
				GCC_WARN_64_TO_32_BIT_CONVERSION = YES;
				GCC_WARN_ABOUT_RETURN_TYPE = YES_ERROR;
				GCC_WARN_UNDECLARED_SELECTOR = YES;
				GCC_WARN_UNINITIALIZED_AUTOS = YES_AGGRESSIVE;
				GCC_WARN_UNUSED_FUNCTION = YES;
				GCC_WARN_UNUSED_VARIABLE = YES;
				IPHONEOS_DEPLOYMENT_TARGET = 14.4;
				MTL_ENABLE_DEBUG_INFO = NO;
				MTL_FAST_MATH = YES;
				SDKROOT = iphoneos;
				SWIFT_COMPILATION_MODE = wholemodule;
				SWIFT_OPTIMIZATION_LEVEL = "-O";
				VALIDATE_PRODUCT = YES;
			};
			name = Release;
		};
		C353EE7325DD9C8200BFA485 /* Debug */ = {
			isa = XCBuildConfiguration;
			buildSettings = {
				ASSETCATALOG_COMPILER_APPICON_NAME = AppIcon;
				ASSETCATALOG_COMPILER_GLOBAL_ACCENT_COLOR_NAME = AccentColor;
				CODE_SIGN_STYLE = Automatic;
				DEVELOPMENT_TEAM = GT749669HU;
				INFOPLIST_FILE = "Landscape Details/Info.plist";
				LD_RUNPATH_SEARCH_PATHS = (
					"$(inherited)",
					"@executable_path/Frameworks",
				);
				PRODUCT_BUNDLE_IDENTIFIER = "ATLAS.Landscape-Details";
				PRODUCT_NAME = "$(TARGET_NAME)";
				SWIFT_VERSION = 5.0;
				TARGETED_DEVICE_FAMILY = "1,2";
			};
			name = Debug;
		};
		C353EE7425DD9C8200BFA485 /* Release */ = {
			isa = XCBuildConfiguration;
			buildSettings = {
				ASSETCATALOG_COMPILER_APPICON_NAME = AppIcon;
				ASSETCATALOG_COMPILER_GLOBAL_ACCENT_COLOR_NAME = AccentColor;
				CODE_SIGN_STYLE = Automatic;
				DEVELOPMENT_TEAM = GT749669HU;
				INFOPLIST_FILE = "Landscape Details/Info.plist";
				LD_RUNPATH_SEARCH_PATHS = (
					"$(inherited)",
					"@executable_path/Frameworks",
				);
				PRODUCT_BUNDLE_IDENTIFIER = "ATLAS.Landscape-Details";
				PRODUCT_NAME = "$(TARGET_NAME)";
				SWIFT_VERSION = 5.0;
				TARGETED_DEVICE_FAMILY = "1,2";
			};
			name = Release;
		};
/* End XCBuildConfiguration section */

/* Begin XCConfigurationList section */
		C353EE5925DD9C8100BFA485 /* Build configuration list for PBXProject "Landscape Details" */ = {
			isa = XCConfigurationList;
			buildConfigurations = (
				C353EE7025DD9C8200BFA485 /* Debug */,
				C353EE7125DD9C8200BFA485 /* Release */,
			);
			defaultConfigurationIsVisible = 0;
			defaultConfigurationName = Release;
		};
		C353EE7225DD9C8200BFA485 /* Build configuration list for PBXNativeTarget "Landscape Details" */ = {
			isa = XCConfigurationList;
			buildConfigurations = (
				C353EE7325DD9C8200BFA485 /* Debug */,
				C353EE7425DD9C8200BFA485 /* Release */,
			);
			defaultConfigurationIsVisible = 0;
			defaultConfigurationName = Release;
		};
/* End XCConfigurationList section */
	};
	rootObject = C353EE5625DD9C8100BFA485 /* Project object */;
}
