// !$*UTF8*$!
{
	archiveVersion = 1;
	classes = {
	};
	objectVersion = 51;
	objects = {

/* Begin PBXBuildFile section */
		753B91F025F67D8400DBE1E0 /* AppDelegate.swift in Sources */ = {isa = PBXBuildFile; fileRef = 753B91EF25F67D8400DBE1E0 /* AppDelegate.swift */; };
		753B91F225F67D8400DBE1E0 /* SceneDelegate.swift in Sources */ = {isa = PBXBuildFile; fileRef = 753B91F125F67D8400DBE1E0 /* SceneDelegate.swift */; };
		753B91F725F67D8400DBE1E0 /* Main.storyboard in Resources */ = {isa = PBXBuildFile; fileRef = 753B91F525F67D8400DBE1E0 /* Main.storyboard */; };
		753B91F925F67D8600DBE1E0 /* Assets.xcassets in Resources */ = {isa = PBXBuildFile; fileRef = 753B91F825F67D8600DBE1E0 /* Assets.xcassets */; };
		753B91FC25F67D8600DBE1E0 /* LaunchScreen.storyboard in Resources */ = {isa = PBXBuildFile; fileRef = 753B91FA25F67D8600DBE1E0 /* LaunchScreen.storyboard */; };
		753B920525F67DE600DBE1E0 /* GoogleService-Info.plist in Resources */ = {isa = PBXBuildFile; fileRef = 753B920425F67DE600DBE1E0 /* GoogleService-Info.plist */; };
		753B923C25F682F000DBE1E0 /* RecipeTableViewController.swift in Sources */ = {isa = PBXBuildFile; fileRef = 753B923B25F682F000DBE1E0 /* RecipeTableViewController.swift */; };
		753B923F25F6830100DBE1E0 /* AddRecipeViewController.swift in Sources */ = {isa = PBXBuildFile; fileRef = 753B923E25F6830100DBE1E0 /* AddRecipeViewController.swift */; };
		753B924225F6841A00DBE1E0 /* Recipe.swift in Sources */ = {isa = PBXBuildFile; fileRef = 753B924125F6841A00DBE1E0 /* Recipe.swift */; };
		753B924525F6844200DBE1E0 /* RecipeDataHandler.swift in Sources */ = {isa = PBXBuildFile; fileRef = 753B924425F6844200DBE1E0 /* RecipeDataHandler.swift */; };
		753B924825F68A5400DBE1E0 /* WebViewController.swift in Sources */ = {isa = PBXBuildFile; fileRef = 753B924725F68A5400DBE1E0 /* WebViewController.swift */; };
		B87F7AD4511B87199F150496 /* Pods_RecipesAuth.framework in Frameworks */ = {isa = PBXBuildFile; fileRef = AAD8ADCB5130E9FAFEB943A1 /* Pods_RecipesAuth.framework */; };
/* End PBXBuildFile section */

/* Begin PBXFileReference section */
		23D850F022882A2A25091138 /* Pods-RecipesAuth.debug.xcconfig */ = {isa = PBXFileReference; includeInIndex = 1; lastKnownFileType = text.xcconfig; name = "Pods-RecipesAuth.debug.xcconfig"; path = "Target Support Files/Pods-RecipesAuth/Pods-RecipesAuth.debug.xcconfig"; sourceTree = "<group>"; };
		4865ECF70B39FCEC48983442 /* Pods-RecipesAuth.release.xcconfig */ = {isa = PBXFileReference; includeInIndex = 1; lastKnownFileType = text.xcconfig; name = "Pods-RecipesAuth.release.xcconfig"; path = "Target Support Files/Pods-RecipesAuth/Pods-RecipesAuth.release.xcconfig"; sourceTree = "<group>"; };
		753B91EC25F67D8400DBE1E0 /* RecipesAuth.app */ = {isa = PBXFileReference; explicitFileType = wrapper.application; includeInIndex = 0; path = RecipesAuth.app; sourceTree = BUILT_PRODUCTS_DIR; };
		753B91EF25F67D8400DBE1E0 /* AppDelegate.swift */ = {isa = PBXFileReference; lastKnownFileType = sourcecode.swift; path = AppDelegate.swift; sourceTree = "<group>"; };
		753B91F125F67D8400DBE1E0 /* SceneDelegate.swift */ = {isa = PBXFileReference; lastKnownFileType = sourcecode.swift; path = SceneDelegate.swift; sourceTree = "<group>"; };
		753B91F625F67D8400DBE1E0 /* Base */ = {isa = PBXFileReference; lastKnownFileType = file.storyboard; name = Base; path = Base.lproj/Main.storyboard; sourceTree = "<group>"; };
		753B91F825F67D8600DBE1E0 /* Assets.xcassets */ = {isa = PBXFileReference; lastKnownFileType = folder.assetcatalog; path = Assets.xcassets; sourceTree = "<group>"; };
		753B91FB25F67D8600DBE1E0 /* Base */ = {isa = PBXFileReference; lastKnownFileType = file.storyboard; name = Base; path = Base.lproj/LaunchScreen.storyboard; sourceTree = "<group>"; };
		753B91FD25F67D8600DBE1E0 /* Info.plist */ = {isa = PBXFileReference; lastKnownFileType = text.plist.xml; path = Info.plist; sourceTree = "<group>"; };
		753B920425F67DE600DBE1E0 /* GoogleService-Info.plist */ = {isa = PBXFileReference; fileEncoding = 4; lastKnownFileType = text.plist.xml; path = "GoogleService-Info.plist"; sourceTree = "<group>"; };
		753B923B25F682F000DBE1E0 /* RecipeTableViewController.swift */ = {isa = PBXFileReference; lastKnownFileType = sourcecode.swift; path = RecipeTableViewController.swift; sourceTree = "<group>"; };
		753B923E25F6830100DBE1E0 /* AddRecipeViewController.swift */ = {isa = PBXFileReference; lastKnownFileType = sourcecode.swift; path = AddRecipeViewController.swift; sourceTree = "<group>"; };
		753B924125F6841A00DBE1E0 /* Recipe.swift */ = {isa = PBXFileReference; lastKnownFileType = sourcecode.swift; path = Recipe.swift; sourceTree = "<group>"; };
		753B924425F6844200DBE1E0 /* RecipeDataHandler.swift */ = {isa = PBXFileReference; lastKnownFileType = sourcecode.swift; path = RecipeDataHandler.swift; sourceTree = "<group>"; };
		753B924725F68A5400DBE1E0 /* WebViewController.swift */ = {isa = PBXFileReference; lastKnownFileType = sourcecode.swift; path = WebViewController.swift; sourceTree = "<group>"; };
		AAD8ADCB5130E9FAFEB943A1 /* Pods_RecipesAuth.framework */ = {isa = PBXFileReference; explicitFileType = wrapper.framework; includeInIndex = 0; path = Pods_RecipesAuth.framework; sourceTree = BUILT_PRODUCTS_DIR; };
/* End PBXFileReference section */

/* Begin PBXFrameworksBuildPhase section */
		753B91E925F67D8400DBE1E0 /* Frameworks */ = {
			isa = PBXFrameworksBuildPhase;
			buildActionMask = 2147483647;
			files = (
				B87F7AD4511B87199F150496 /* Pods_RecipesAuth.framework in Frameworks */,
			);
			runOnlyForDeploymentPostprocessing = 0;
		};
/* End PBXFrameworksBuildPhase section */

/* Begin PBXGroup section */
		753B91E325F67D8400DBE1E0 = {
			isa = PBXGroup;
			children = (
				753B91EE25F67D8400DBE1E0 /* RecipesAuth */,
				753B91ED25F67D8400DBE1E0 /* Products */,
				91CBAC9EBFE59CC9BCCC6681 /* Pods */,
				C981089E87B751DEC99413DB /* Frameworks */,
			);
			sourceTree = "<group>";
		};
		753B91ED25F67D8400DBE1E0 /* Products */ = {
			isa = PBXGroup;
			children = (
				753B91EC25F67D8400DBE1E0 /* RecipesAuth.app */,
			);
			name = Products;
			sourceTree = "<group>";
		};
		753B91EE25F67D8400DBE1E0 /* RecipesAuth */ = {
			isa = PBXGroup;
			children = (
				753B91EF25F67D8400DBE1E0 /* AppDelegate.swift */,
				753B91F125F67D8400DBE1E0 /* SceneDelegate.swift */,
				753B91F525F67D8400DBE1E0 /* Main.storyboard */,
				753B924725F68A5400DBE1E0 /* WebViewController.swift */,
				753B923B25F682F000DBE1E0 /* RecipeTableViewController.swift */,
				753B924125F6841A00DBE1E0 /* Recipe.swift */,
				753B924425F6844200DBE1E0 /* RecipeDataHandler.swift */,
				753B923E25F6830100DBE1E0 /* AddRecipeViewController.swift */,
				753B91F825F67D8600DBE1E0 /* Assets.xcassets */,
				753B91FA25F67D8600DBE1E0 /* LaunchScreen.storyboard */,
				753B91FD25F67D8600DBE1E0 /* Info.plist */,
				753B920425F67DE600DBE1E0 /* GoogleService-Info.plist */,
			);
			path = RecipesAuth;
			sourceTree = "<group>";
		};
		91CBAC9EBFE59CC9BCCC6681 /* Pods */ = {
			isa = PBXGroup;
			children = (
				23D850F022882A2A25091138 /* Pods-RecipesAuth.debug.xcconfig */,
				4865ECF70B39FCEC48983442 /* Pods-RecipesAuth.release.xcconfig */,
			);
			path = Pods;
			sourceTree = "<group>";
		};
		C981089E87B751DEC99413DB /* Frameworks */ = {
			isa = PBXGroup;
			children = (
				AAD8ADCB5130E9FAFEB943A1 /* Pods_RecipesAuth.framework */,
			);
			name = Frameworks;
			sourceTree = "<group>";
		};
/* End PBXGroup section */

/* Begin PBXNativeTarget section */
		753B91EB25F67D8400DBE1E0 /* RecipesAuth */ = {
			isa = PBXNativeTarget;
			buildConfigurationList = 753B920025F67D8600DBE1E0 /* Build configuration list for PBXNativeTarget "RecipesAuth" */;
			buildPhases = (
				AC0DD3B3940DCE1CA657673B /* [CP] Check Pods Manifest.lock */,
				753B91E825F67D8400DBE1E0 /* Sources */,
				753B91E925F67D8400DBE1E0 /* Frameworks */,
				753B91EA25F67D8400DBE1E0 /* Resources */,
				B5037B0B1A8F6BFA97C6FEF7 /* [CP] Embed Pods Frameworks */,
				7A3F5D15C79957D22057C989 /* [CP] Copy Pods Resources */,
			);
			buildRules = (
			);
			dependencies = (
			);
			name = RecipesAuth;
			productName = RecipesAuth;
			productReference = 753B91EC25F67D8400DBE1E0 /* RecipesAuth.app */;
			productType = "com.apple.product-type.application";
		};
/* End PBXNativeTarget section */

/* Begin PBXProject section */
		753B91E425F67D8400DBE1E0 /* Project object */ = {
			isa = PBXProject;
			attributes = {
				LastSwiftUpdateCheck = 1240;
				LastUpgradeCheck = 1240;
				TargetAttributes = {
					753B91EB25F67D8400DBE1E0 = {
						CreatedOnToolsVersion = 12.4;
					};
				};
			};
			buildConfigurationList = 753B91E725F67D8400DBE1E0 /* Build configuration list for PBXProject "RecipesAuth" */;
			compatibilityVersion = "Xcode 9.3";
			developmentRegion = en;
			hasScannedForEncodings = 0;
			knownRegions = (
				en,
				Base,
			);
			mainGroup = 753B91E325F67D8400DBE1E0;
			productRefGroup = 753B91ED25F67D8400DBE1E0 /* Products */;
			projectDirPath = "";
			projectRoot = "";
			targets = (
				753B91EB25F67D8400DBE1E0 /* RecipesAuth */,
			);
		};
/* End PBXProject section */

/* Begin PBXResourcesBuildPhase section */
		753B91EA25F67D8400DBE1E0 /* Resources */ = {
			isa = PBXResourcesBuildPhase;
			buildActionMask = 2147483647;
			files = (
				753B91FC25F67D8600DBE1E0 /* LaunchScreen.storyboard in Resources */,
				753B920525F67DE600DBE1E0 /* GoogleService-Info.plist in Resources */,
				753B91F925F67D8600DBE1E0 /* Assets.xcassets in Resources */,
				753B91F725F67D8400DBE1E0 /* Main.storyboard in Resources */,
			);
			runOnlyForDeploymentPostprocessing = 0;
		};
/* End PBXResourcesBuildPhase section */

/* Begin PBXShellScriptBuildPhase section */
		7A3F5D15C79957D22057C989 /* [CP] Copy Pods Resources */ = {
			isa = PBXShellScriptBuildPhase;
			buildActionMask = 2147483647;
			files = (
			);
			inputFileListPaths = (
				"${PODS_ROOT}/Target Support Files/Pods-RecipesAuth/Pods-RecipesAuth-resources-${CONFIGURATION}-input-files.xcfilelist",
			);
			name = "[CP] Copy Pods Resources";
			outputFileListPaths = (
				"${PODS_ROOT}/Target Support Files/Pods-RecipesAuth/Pods-RecipesAuth-resources-${CONFIGURATION}-output-files.xcfilelist",
			);
			runOnlyForDeploymentPostprocessing = 0;
			shellPath = /bin/sh;
			shellScript = "\"${PODS_ROOT}/Target Support Files/Pods-RecipesAuth/Pods-RecipesAuth-resources.sh\"\n";
			showEnvVarsInLog = 0;
		};
		AC0DD3B3940DCE1CA657673B /* [CP] Check Pods Manifest.lock */ = {
			isa = PBXShellScriptBuildPhase;
			buildActionMask = 2147483647;
			files = (
			);
			inputFileListPaths = (
			);
			inputPaths = (
				"${PODS_PODFILE_DIR_PATH}/Podfile.lock",
				"${PODS_ROOT}/Manifest.lock",
			);
			name = "[CP] Check Pods Manifest.lock";
			outputFileListPaths = (
			);
			outputPaths = (
				"$(DERIVED_FILE_DIR)/Pods-RecipesAuth-checkManifestLockResult.txt",
			);
			runOnlyForDeploymentPostprocessing = 0;
			shellPath = /bin/sh;
			shellScript = "diff \"${PODS_PODFILE_DIR_PATH}/Podfile.lock\" \"${PODS_ROOT}/Manifest.lock\" > /dev/null\nif [ $? != 0 ] ; then\n    # print error to STDERR\n    echo \"error: The sandbox is not in sync with the Podfile.lock. Run 'pod install' or update your CocoaPods installation.\" >&2\n    exit 1\nfi\n# This output is used by Xcode 'outputs' to avoid re-running this script phase.\necho \"SUCCESS\" > \"${SCRIPT_OUTPUT_FILE_0}\"\n";
			showEnvVarsInLog = 0;
		};
		B5037B0B1A8F6BFA97C6FEF7 /* [CP] Embed Pods Frameworks */ = {
			isa = PBXShellScriptBuildPhase;
			buildActionMask = 2147483647;
			files = (
			);
			inputFileListPaths = (
				"${PODS_ROOT}/Target Support Files/Pods-RecipesAuth/Pods-RecipesAuth-frameworks-${CONFIGURATION}-input-files.xcfilelist",
			);
			name = "[CP] Embed Pods Frameworks";
			outputFileListPaths = (
				"${PODS_ROOT}/Target Support Files/Pods-RecipesAuth/Pods-RecipesAuth-frameworks-${CONFIGURATION}-output-files.xcfilelist",
			);
			runOnlyForDeploymentPostprocessing = 0;
			shellPath = /bin/sh;
			shellScript = "\"${PODS_ROOT}/Target Support Files/Pods-RecipesAuth/Pods-RecipesAuth-frameworks.sh\"\n";
			showEnvVarsInLog = 0;
		};
/* End PBXShellScriptBuildPhase section */

/* Begin PBXSourcesBuildPhase section */
		753B91E825F67D8400DBE1E0 /* Sources */ = {
			isa = PBXSourcesBuildPhase;
			buildActionMask = 2147483647;
			files = (
				753B924525F6844200DBE1E0 /* RecipeDataHandler.swift in Sources */,
				753B923F25F6830100DBE1E0 /* AddRecipeViewController.swift in Sources */,
				753B923C25F682F000DBE1E0 /* RecipeTableViewController.swift in Sources */,
				753B91F025F67D8400DBE1E0 /* AppDelegate.swift in Sources */,
				753B924825F68A5400DBE1E0 /* WebViewController.swift in Sources */,
				753B91F225F67D8400DBE1E0 /* SceneDelegate.swift in Sources */,
				753B924225F6841A00DBE1E0 /* Recipe.swift in Sources */,
			);
			runOnlyForDeploymentPostprocessing = 0;
		};
/* End PBXSourcesBuildPhase section */

/* Begin PBXVariantGroup section */
		753B91F525F67D8400DBE1E0 /* Main.storyboard */ = {
			isa = PBXVariantGroup;
			children = (
				753B91F625F67D8400DBE1E0 /* Base */,
			);
			name = Main.storyboard;
			sourceTree = "<group>";
		};
		753B91FA25F67D8600DBE1E0 /* LaunchScreen.storyboard */ = {
			isa = PBXVariantGroup;
			children = (
				753B91FB25F67D8600DBE1E0 /* Base */,
			);
			name = LaunchScreen.storyboard;
			sourceTree = "<group>";
		};
/* End PBXVariantGroup section */

/* Begin XCBuildConfiguration section */
		753B91FE25F67D8600DBE1E0 /* Debug */ = {
			isa = XCBuildConfiguration;
			buildSettings = {
				ALWAYS_SEARCH_USER_PATHS = NO;
				CLANG_ANALYZER_NONNULL = YES;
				CLANG_ANALYZER_NUMBER_OBJECT_CONVERSION = YES_AGGRESSIVE;
				CLANG_CXX_LANGUAGE_STANDARD = "gnu++14";
				CLANG_CXX_LIBRARY = "libc++";
				CLANG_ENABLE_MODULES = YES;
				CLANG_ENABLE_OBJC_ARC = YES;
				CLANG_ENABLE_OBJC_WEAK = YES;
				CLANG_WARN_BLOCK_CAPTURE_AUTORELEASING = YES;
				CLANG_WARN_BOOL_CONVERSION = YES;
				CLANG_WARN_COMMA = YES;
				CLANG_WARN_CONSTANT_CONVERSION = YES;
				CLANG_WARN_DEPRECATED_OBJC_IMPLEMENTATIONS = YES;
				CLANG_WARN_DIRECT_OBJC_ISA_USAGE = YES_ERROR;
				CLANG_WARN_DOCUMENTATION_COMMENTS = YES;
				CLANG_WARN_EMPTY_BODY = YES;
				CLANG_WARN_ENUM_CONVERSION = YES;
				CLANG_WARN_INFINITE_RECURSION = YES;
				CLANG_WARN_INT_CONVERSION = YES;
				CLANG_WARN_NON_LITERAL_NULL_CONVERSION = YES;
				CLANG_WARN_OBJC_IMPLICIT_RETAIN_SELF = YES;
				CLANG_WARN_OBJC_LITERAL_CONVERSION = YES;
				CLANG_WARN_OBJC_ROOT_CLASS = YES_ERROR;
				CLANG_WARN_QUOTED_INCLUDE_IN_FRAMEWORK_HEADER = YES;
				CLANG_WARN_RANGE_LOOP_ANALYSIS = YES;
				CLANG_WARN_STRICT_PROTOTYPES = YES;
				CLANG_WARN_SUSPICIOUS_MOVE = YES;
				CLANG_WARN_UNGUARDED_AVAILABILITY = YES_AGGRESSIVE;
				CLANG_WARN_UNREACHABLE_CODE = YES;
				CLANG_WARN__DUPLICATE_METHOD_MATCH = YES;
				COPY_PHASE_STRIP = NO;
				DEBUG_INFORMATION_FORMAT = dwarf;
				ENABLE_STRICT_OBJC_MSGSEND = YES;
				ENABLE_TESTABILITY = YES;
				GCC_C_LANGUAGE_STANDARD = gnu11;
				GCC_DYNAMIC_NO_PIC = NO;
				GCC_NO_COMMON_BLOCKS = YES;
				GCC_OPTIMIZATION_LEVEL = 0;
				GCC_PREPROCESSOR_DEFINITIONS = (
					"DEBUG=1",
					"$(inherited)",
				);
				GCC_WARN_64_TO_32_BIT_CONVERSION = YES;
				GCC_WARN_ABOUT_RETURN_TYPE = YES_ERROR;
				GCC_WARN_UNDECLARED_SELECTOR = YES;
				GCC_WARN_UNINITIALIZED_AUTOS = YES_AGGRESSIVE;
				GCC_WARN_UNUSED_FUNCTION = YES;
				GCC_WARN_UNUSED_VARIABLE = YES;
				IPHONEOS_DEPLOYMENT_TARGET = 14.4;
				MTL_ENABLE_DEBUG_INFO = INCLUDE_SOURCE;
				MTL_FAST_MATH = YES;
				ONLY_ACTIVE_ARCH = YES;
				SDKROOT = iphoneos;
				SWIFT_ACTIVE_COMPILATION_CONDITIONS = DEBUG;
				SWIFT_OPTIMIZATION_LEVEL = "-Onone";
			};
			name = Debug;
		};
		753B91FF25F67D8600DBE1E0 /* Release */ = {
			isa = XCBuildConfiguration;
			buildSettings = {
				ALWAYS_SEARCH_USER_PATHS = NO;
				CLANG_ANALYZER_NONNULL = YES;
				CLANG_ANALYZER_NUMBER_OBJECT_CONVERSION = YES_AGGRESSIVE;
				CLANG_CXX_LANGUAGE_STANDARD = "gnu++14";
				CLANG_CXX_LIBRARY = "libc++";
				CLANG_ENABLE_MODULES = YES;
				CLANG_ENABLE_OBJC_ARC = YES;
				CLANG_ENABLE_OBJC_WEAK = YES;
				CLANG_WARN_BLOCK_CAPTURE_AUTORELEASING = YES;
				CLANG_WARN_BOOL_CONVERSION = YES;
				CLANG_WARN_COMMA = YES;
				CLANG_WARN_CONSTANT_CONVERSION = YES;
				CLANG_WARN_DEPRECATED_OBJC_IMPLEMENTATIONS = YES;
				CLANG_WARN_DIRECT_OBJC_ISA_USAGE = YES_ERROR;
				CLANG_WARN_DOCUMENTATION_COMMENTS = YES;
				CLANG_WARN_EMPTY_BODY = YES;
				CLANG_WARN_ENUM_CONVERSION = YES;
				CLANG_WARN_INFINITE_RECURSION = YES;
				CLANG_WARN_INT_CONVERSION = YES;
				CLANG_WARN_NON_LITERAL_NULL_CONVERSION = YES;
				CLANG_WARN_OBJC_IMPLICIT_RETAIN_SELF = YES;
				CLANG_WARN_OBJC_LITERAL_CONVERSION = YES;
				CLANG_WARN_OBJC_ROOT_CLASS = YES_ERROR;
				CLANG_WARN_QUOTED_INCLUDE_IN_FRAMEWORK_HEADER = YES;
				CLANG_WARN_RANGE_LOOP_ANALYSIS = YES;
				CLANG_WARN_STRICT_PROTOTYPES = YES;
				CLANG_WARN_SUSPICIOUS_MOVE = YES;
				CLANG_WARN_UNGUARDED_AVAILABILITY = YES_AGGRESSIVE;
				CLANG_WARN_UNREACHABLE_CODE = YES;
				CLANG_WARN__DUPLICATE_METHOD_MATCH = YES;
				COPY_PHASE_STRIP = NO;
				DEBUG_INFORMATION_FORMAT = "dwarf-with-dsym";
				ENABLE_NS_ASSERTIONS = NO;
				ENABLE_STRICT_OBJC_MSGSEND = YES;
				GCC_C_LANGUAGE_STANDARD = gnu11;
				GCC_NO_COMMON_BLOCKS = YES;
				GCC_WARN_64_TO_32_BIT_CONVERSION = YES;
				GCC_WARN_ABOUT_RETURN_TYPE = YES_ERROR;
				GCC_WARN_UNDECLARED_SELECTOR = YES;
				GCC_WARN_UNINITIALIZED_AUTOS = YES_AGGRESSIVE;
				GCC_WARN_UNUSED_FUNCTION = YES;
				GCC_WARN_UNUSED_VARIABLE = YES;
				IPHONEOS_DEPLOYMENT_TARGET = 14.4;
				MTL_ENABLE_DEBUG_INFO = NO;
				MTL_FAST_MATH = YES;
				SDKROOT = iphoneos;
				SWIFT_COMPILATION_MODE = wholemodule;
				SWIFT_OPTIMIZATION_LEVEL = "-O";
				VALIDATE_PRODUCT = YES;
			};
			name = Release;
		};
		753B920125F67D8600DBE1E0 /* Debug */ = {
			isa = XCBuildConfiguration;
			baseConfigurationReference = 23D850F022882A2A25091138 /* Pods-RecipesAuth.debug.xcconfig */;
			buildSettings = {
				ASSETCATALOG_COMPILER_APPICON_NAME = AppIcon;
				ASSETCATALOG_COMPILER_GLOBAL_ACCENT_COLOR_NAME = AccentColor;
				CODE_SIGN_STYLE = Automatic;
				INFOPLIST_FILE = RecipesAuth/Info.plist;
				LD_RUNPATH_SEARCH_PATHS = (
					"$(inherited)",
					"@executable_path/Frameworks",
				);
				PRODUCT_BUNDLE_IDENTIFIER = ATLAS.RecipesAuth;
				PRODUCT_NAME = "$(TARGET_NAME)";
				SWIFT_VERSION = 5.0;
				TARGETED_DEVICE_FAMILY = "1,2";
			};
			name = Debug;
		};
		753B920225F67D8600DBE1E0 /* Release */ = {
			isa = XCBuildConfiguration;
			baseConfigurationReference = 4865ECF70B39FCEC48983442 /* Pods-RecipesAuth.release.xcconfig */;
			buildSettings = {
				ASSETCATALOG_COMPILER_APPICON_NAME = AppIcon;
				ASSETCATALOG_COMPILER_GLOBAL_ACCENT_COLOR_NAME = AccentColor;
				CODE_SIGN_STYLE = Automatic;
				INFOPLIST_FILE = RecipesAuth/Info.plist;
				LD_RUNPATH_SEARCH_PATHS = (
					"$(inherited)",
					"@executable_path/Frameworks",
				);
				PRODUCT_BUNDLE_IDENTIFIER = ATLAS.RecipesAuth;
				PRODUCT_NAME = "$(TARGET_NAME)";
				SWIFT_VERSION = 5.0;
				TARGETED_DEVICE_FAMILY = "1,2";
			};
			name = Release;
		};
/* End XCBuildConfiguration section */

/* Begin XCConfigurationList section */
		753B91E725F67D8400DBE1E0 /* Build configuration list for PBXProject "RecipesAuth" */ = {
			isa = XCConfigurationList;
			buildConfigurations = (
				753B91FE25F67D8600DBE1E0 /* Debug */,
				753B91FF25F67D8600DBE1E0 /* Release */,
			);
			defaultConfigurationIsVisible = 0;
			defaultConfigurationName = Release;
		};
		753B920025F67D8600DBE1E0 /* Build configuration list for PBXNativeTarget "RecipesAuth" */ = {
			isa = XCConfigurationList;
			buildConfigurations = (
				753B920125F67D8600DBE1E0 /* Debug */,
				753B920225F67D8600DBE1E0 /* Release */,
			);
			defaultConfigurationIsVisible = 0;
			defaultConfigurationName = Release;
		};
/* End XCConfigurationList section */
	};
	rootObject = 753B91E425F67D8400DBE1E0 /* Project object */;
}
