// !$*UTF8*$!
{
	archiveVersion = 1;
	classes = {
	};
	objectVersion = 51;
	objects = {

/* Begin PBXBuildFile section */
		7504C49F25EFF92F0051EC3C /* WebViewController.swift in Sources */ = {isa = PBXBuildFile; fileRef = 7504C49E25EFF92F0051EC3C /* WebViewController.swift */; };
		759B3E1F25EDAC5B005D9D3C /* RecipeTableViewController.swift in Sources */ = {isa = PBXBuildFile; fileRef = 759B3E1E25EDAC5B005D9D3C /* RecipeTableViewController.swift */; };
		759B3E2225EDAC6F005D9D3C /* AddRecipeViewController.swift in Sources */ = {isa = PBXBuildFile; fileRef = 759B3E2125EDAC6F005D9D3C /* AddRecipeViewController.swift */; };
		759B3E2525EDB228005D9D3C /* Recipe.swift in Sources */ = {isa = PBXBuildFile; fileRef = 759B3E2425EDB228005D9D3C /* Recipe.swift */; };
		759B3E2825EDB2CA005D9D3C /* RecipeDataHandler.swift in Sources */ = {isa = PBXBuildFile; fileRef = 759B3E2725EDB2CA005D9D3C /* RecipeDataHandler.swift */; };
		75D63DE825ED9A4B00DFA7FA /* AppDelegate.swift in Sources */ = {isa = PBXBuildFile; fileRef = 75D63DE725ED9A4B00DFA7FA /* AppDelegate.swift */; };
		75D63DEA25ED9A4B00DFA7FA /* SceneDelegate.swift in Sources */ = {isa = PBXBuildFile; fileRef = 75D63DE925ED9A4B00DFA7FA /* SceneDelegate.swift */; };
		75D63DEF25ED9A4B00DFA7FA /* Main.storyboard in Resources */ = {isa = PBXBuildFile; fileRef = 75D63DED25ED9A4B00DFA7FA /* Main.storyboard */; };
		75D63DF125ED9A4E00DFA7FA /* Assets.xcassets in Resources */ = {isa = PBXBuildFile; fileRef = 75D63DF025ED9A4E00DFA7FA /* Assets.xcassets */; };
		75D63DF425ED9A4E00DFA7FA /* LaunchScreen.storyboard in Resources */ = {isa = PBXBuildFile; fileRef = 75D63DF225ED9A4E00DFA7FA /* LaunchScreen.storyboard */; };
		75D63DFD25ED9BF500DFA7FA /* GoogleService-Info.plist in Resources */ = {isa = PBXBuildFile; fileRef = 75D63DFC25ED9BF500DFA7FA /* GoogleService-Info.plist */; };
		D15A00508C9CB137F0353D0F /* Pods_recipes.framework in Frameworks */ = {isa = PBXBuildFile; fileRef = AAB7961C153BF4642AF662CA /* Pods_recipes.framework */; };
/* End PBXBuildFile section */

/* Begin PBXFileReference section */
		0B448201E1002118E0DE6EA6 /* Pods-Recipes.release.xcconfig */ = {isa = PBXFileReference; includeInIndex = 1; lastKnownFileType = text.xcconfig; name = "Pods-Recipes.release.xcconfig"; path = "Target Support Files/Pods-Recipes/Pods-Recipes.release.xcconfig"; sourceTree = "<group>"; };
		14CBBD35C96A9F90B2DA589A /* Pods-Recipes.debug.xcconfig */ = {isa = PBXFileReference; includeInIndex = 1; lastKnownFileType = text.xcconfig; name = "Pods-Recipes.debug.xcconfig"; path = "Target Support Files/Pods-Recipes/Pods-Recipes.debug.xcconfig"; sourceTree = "<group>"; };
		5DF88DB4E2C4417E76160BA3 /* Pods-recipes.debug.xcconfig */ = {isa = PBXFileReference; includeInIndex = 1; lastKnownFileType = text.xcconfig; name = "Pods-recipes.debug.xcconfig"; path = "Target Support Files/Pods-recipes/Pods-recipes.debug.xcconfig"; sourceTree = "<group>"; };
		7504C49E25EFF92F0051EC3C /* WebViewController.swift */ = {isa = PBXFileReference; lastKnownFileType = sourcecode.swift; path = WebViewController.swift; sourceTree = "<group>"; };
		759B3E1E25EDAC5B005D9D3C /* RecipeTableViewController.swift */ = {isa = PBXFileReference; lastKnownFileType = sourcecode.swift; path = RecipeTableViewController.swift; sourceTree = "<group>"; };
		759B3E2125EDAC6F005D9D3C /* AddRecipeViewController.swift */ = {isa = PBXFileReference; lastKnownFileType = sourcecode.swift; path = AddRecipeViewController.swift; sourceTree = "<group>"; };
		759B3E2425EDB228005D9D3C /* Recipe.swift */ = {isa = PBXFileReference; lastKnownFileType = sourcecode.swift; path = Recipe.swift; sourceTree = "<group>"; };
		759B3E2725EDB2CA005D9D3C /* RecipeDataHandler.swift */ = {isa = PBXFileReference; lastKnownFileType = sourcecode.swift; path = RecipeDataHandler.swift; sourceTree = "<group>"; };
		75D63DE425ED9A4B00DFA7FA /* recipes.app */ = {isa = PBXFileReference; explicitFileType = wrapper.application; includeInIndex = 0; path = recipes.app; sourceTree = BUILT_PRODUCTS_DIR; };
		75D63DE725ED9A4B00DFA7FA /* AppDelegate.swift */ = {isa = PBXFileReference; lastKnownFileType = sourcecode.swift; path = AppDelegate.swift; sourceTree = "<group>"; };
		75D63DE925ED9A4B00DFA7FA /* SceneDelegate.swift */ = {isa = PBXFileReference; lastKnownFileType = sourcecode.swift; path = SceneDelegate.swift; sourceTree = "<group>"; };
		75D63DEE25ED9A4B00DFA7FA /* Base */ = {isa = PBXFileReference; lastKnownFileType = file.storyboard; name = Base; path = Base.lproj/Main.storyboard; sourceTree = "<group>"; };
		75D63DF025ED9A4E00DFA7FA /* Assets.xcassets */ = {isa = PBXFileReference; lastKnownFileType = folder.assetcatalog; path = Assets.xcassets; sourceTree = "<group>"; };
		75D63DF325ED9A4E00DFA7FA /* Base */ = {isa = PBXFileReference; lastKnownFileType = file.storyboard; name = Base; path = Base.lproj/LaunchScreen.storyboard; sourceTree = "<group>"; };
		75D63DF525ED9A4E00DFA7FA /* Info.plist */ = {isa = PBXFileReference; lastKnownFileType = text.plist.xml; path = Info.plist; sourceTree = "<group>"; };
		75D63DFC25ED9BF500DFA7FA /* GoogleService-Info.plist */ = {isa = PBXFileReference; fileEncoding = 4; lastKnownFileType = text.plist.xml; path = "GoogleService-Info.plist"; sourceTree = "<group>"; };
		AAB7961C153BF4642AF662CA /* Pods_recipes.framework */ = {isa = PBXFileReference; explicitFileType = wrapper.framework; includeInIndex = 0; path = Pods_recipes.framework; sourceTree = BUILT_PRODUCTS_DIR; };
		EA409DEE83765D346B4FA824 /* Pods-recipes.release.xcconfig */ = {isa = PBXFileReference; includeInIndex = 1; lastKnownFileType = text.xcconfig; name = "Pods-recipes.release.xcconfig"; path = "Target Support Files/Pods-recipes/Pods-recipes.release.xcconfig"; sourceTree = "<group>"; };
/* End PBXFileReference section */

/* Begin PBXFrameworksBuildPhase section */
		75D63DE125ED9A4B00DFA7FA /* Frameworks */ = {
			isa = PBXFrameworksBuildPhase;
			buildActionMask = 2147483647;
			files = (
				D15A00508C9CB137F0353D0F /* Pods_recipes.framework in Frameworks */,
			);
			runOnlyForDeploymentPostprocessing = 0;
		};
/* End PBXFrameworksBuildPhase section */

/* Begin PBXGroup section */
		1908B032005E73634B4FA3C3 /* Frameworks */ = {
			isa = PBXGroup;
			children = (
				AAB7961C153BF4642AF662CA /* Pods_recipes.framework */,
			);
			name = Frameworks;
			sourceTree = "<group>";
		};
		75D63DDB25ED9A4B00DFA7FA = {
			isa = PBXGroup;
			children = (
				75D63DE625ED9A4B00DFA7FA /* recipes */,
				75D63DE525ED9A4B00DFA7FA /* Products */,
				AC4B6AF48DF147570461BB8C /* Pods */,
				1908B032005E73634B4FA3C3 /* Frameworks */,
			);
			sourceTree = "<group>";
		};
		75D63DE525ED9A4B00DFA7FA /* Products */ = {
			isa = PBXGroup;
			children = (
				75D63DE425ED9A4B00DFA7FA /* recipes.app */,
			);
			name = Products;
			sourceTree = "<group>";
		};
		75D63DE625ED9A4B00DFA7FA /* recipes */ = {
			isa = PBXGroup;
			children = (
				75D63DE725ED9A4B00DFA7FA /* AppDelegate.swift */,
				75D63DE925ED9A4B00DFA7FA /* SceneDelegate.swift */,
				75D63DED25ED9A4B00DFA7FA /* Main.storyboard */,
				7504C49E25EFF92F0051EC3C /* WebViewController.swift */,
				759B3E2425EDB228005D9D3C /* Recipe.swift */,
				759B3E2725EDB2CA005D9D3C /* RecipeDataHandler.swift */,
				759B3E1E25EDAC5B005D9D3C /* RecipeTableViewController.swift */,
				759B3E2125EDAC6F005D9D3C /* AddRecipeViewController.swift */,
				75D63DF025ED9A4E00DFA7FA /* Assets.xcassets */,
				75D63DF225ED9A4E00DFA7FA /* LaunchScreen.storyboard */,
				75D63DF525ED9A4E00DFA7FA /* Info.plist */,
				75D63DFC25ED9BF500DFA7FA /* GoogleService-Info.plist */,
			);
			path = recipes;
			sourceTree = "<group>";
		};
		AC4B6AF48DF147570461BB8C /* Pods */ = {
			isa = PBXGroup;
			children = (
				14CBBD35C96A9F90B2DA589A /* Pods-Recipes.debug.xcconfig */,
				0B448201E1002118E0DE6EA6 /* Pods-Recipes.release.xcconfig */,
				5DF88DB4E2C4417E76160BA3 /* Pods-recipes.debug.xcconfig */,
				EA409DEE83765D346B4FA824 /* Pods-recipes.release.xcconfig */,
			);
			path = Pods;
			sourceTree = "<group>";
		};
/* End PBXGroup section */

/* Begin PBXNativeTarget section */
		75D63DE325ED9A4B00DFA7FA /* recipes */ = {
			isa = PBXNativeTarget;
			buildConfigurationList = 75D63DF825ED9A4E00DFA7FA /* Build configuration list for PBXNativeTarget "recipes" */;
			buildPhases = (
				30A1DA647D55D01585372583 /* [CP] Check Pods Manifest.lock */,
				75D63DE025ED9A4B00DFA7FA /* Sources */,
				75D63DE125ED9A4B00DFA7FA /* Frameworks */,
				75D63DE225ED9A4B00DFA7FA /* Resources */,
				B36D0B2FE5C49A3755C4BF2C /* [CP] Embed Pods Frameworks */,
			);
			buildRules = (
			);
			dependencies = (
			);
			name = recipes;
			productName = Recipes;
			productReference = 75D63DE425ED9A4B00DFA7FA /* recipes.app */;
			productType = "com.apple.product-type.application";
		};
/* End PBXNativeTarget section */

/* Begin PBXProject section */
		75D63DDC25ED9A4B00DFA7FA /* Project object */ = {
			isa = PBXProject;
			attributes = {
				LastSwiftUpdateCheck = 1240;
				LastUpgradeCheck = 1240;
				TargetAttributes = {
					75D63DE325ED9A4B00DFA7FA = {
						CreatedOnToolsVersion = 12.4;
					};
				};
			};
			buildConfigurationList = 75D63DDF25ED9A4B00DFA7FA /* Build configuration list for PBXProject "recipes" */;
			compatibilityVersion = "Xcode 9.3";
			developmentRegion = en;
			hasScannedForEncodings = 0;
			knownRegions = (
				en,
				Base,
			);
			mainGroup = 75D63DDB25ED9A4B00DFA7FA;
			productRefGroup = 75D63DE525ED9A4B00DFA7FA /* Products */;
			projectDirPath = "";
			projectRoot = "";
			targets = (
				75D63DE325ED9A4B00DFA7FA /* recipes */,
			);
		};
/* End PBXProject section */

/* Begin PBXResourcesBuildPhase section */
		75D63DE225ED9A4B00DFA7FA /* Resources */ = {
			isa = PBXResourcesBuildPhase;
			buildActionMask = 2147483647;
			files = (
				75D63DF425ED9A4E00DFA7FA /* LaunchScreen.storyboard in Resources */,
				75D63DFD25ED9BF500DFA7FA /* GoogleService-Info.plist in Resources */,
				75D63DF125ED9A4E00DFA7FA /* Assets.xcassets in Resources */,
				75D63DEF25ED9A4B00DFA7FA /* Main.storyboard in Resources */,
			);
			runOnlyForDeploymentPostprocessing = 0;
		};
/* End PBXResourcesBuildPhase section */

/* Begin PBXShellScriptBuildPhase section */
		30A1DA647D55D01585372583 /* [CP] Check Pods Manifest.lock */ = {
			isa = PBXShellScriptBuildPhase;
			buildActionMask = 2147483647;
			files = (
			);
			inputFileListPaths = (
			);
			inputPaths = (
				"${PODS_PODFILE_DIR_PATH}/Podfile.lock",
				"${PODS_ROOT}/Manifest.lock",
			);
			name = "[CP] Check Pods Manifest.lock";
			outputFileListPaths = (
			);
			outputPaths = (
				"$(DERIVED_FILE_DIR)/Pods-recipes-checkManifestLockResult.txt",
			);
			runOnlyForDeploymentPostprocessing = 0;
			shellPath = /bin/sh;
			shellScript = "diff \"${PODS_PODFILE_DIR_PATH}/Podfile.lock\" \"${PODS_ROOT}/Manifest.lock\" > /dev/null\nif [ $? != 0 ] ; then\n    # print error to STDERR\n    echo \"error: The sandbox is not in sync with the Podfile.lock. Run 'pod install' or update your CocoaPods installation.\" >&2\n    exit 1\nfi\n# This output is used by Xcode 'outputs' to avoid re-running this script phase.\necho \"SUCCESS\" > \"${SCRIPT_OUTPUT_FILE_0}\"\n";
			showEnvVarsInLog = 0;
		};
		B36D0B2FE5C49A3755C4BF2C /* [CP] Embed Pods Frameworks */ = {
			isa = PBXShellScriptBuildPhase;
			buildActionMask = 2147483647;
			files = (
			);
			inputFileListPaths = (
				"${PODS_ROOT}/Target Support Files/Pods-recipes/Pods-recipes-frameworks-${CONFIGURATION}-input-files.xcfilelist",
			);
			name = "[CP] Embed Pods Frameworks";
			outputFileListPaths = (
				"${PODS_ROOT}/Target Support Files/Pods-recipes/Pods-recipes-frameworks-${CONFIGURATION}-output-files.xcfilelist",
			);
			runOnlyForDeploymentPostprocessing = 0;
			shellPath = /bin/sh;
			shellScript = "\"${PODS_ROOT}/Target Support Files/Pods-recipes/Pods-recipes-frameworks.sh\"\n";
			showEnvVarsInLog = 0;
		};
/* End PBXShellScriptBuildPhase section */

/* Begin PBXSourcesBuildPhase section */
		75D63DE025ED9A4B00DFA7FA /* Sources */ = {
			isa = PBXSourcesBuildPhase;
			buildActionMask = 2147483647;
			files = (
				759B3E2825EDB2CA005D9D3C /* RecipeDataHandler.swift in Sources */,
				759B3E2225EDAC6F005D9D3C /* AddRecipeViewController.swift in Sources */,
				759B3E1F25EDAC5B005D9D3C /* RecipeTableViewController.swift in Sources */,
				75D63DE825ED9A4B00DFA7FA /* AppDelegate.swift in Sources */,
				7504C49F25EFF92F0051EC3C /* WebViewController.swift in Sources */,
				75D63DEA25ED9A4B00DFA7FA /* SceneDelegate.swift in Sources */,
				759B3E2525EDB228005D9D3C /* Recipe.swift in Sources */,
			);
			runOnlyForDeploymentPostprocessing = 0;
		};
/* End PBXSourcesBuildPhase section */

/* Begin PBXVariantGroup section */
		75D63DED25ED9A4B00DFA7FA /* Main.storyboard */ = {
			isa = PBXVariantGroup;
			children = (
				75D63DEE25ED9A4B00DFA7FA /* Base */,
			);
			name = Main.storyboard;
			sourceTree = "<group>";
		};
		75D63DF225ED9A4E00DFA7FA /* LaunchScreen.storyboard */ = {
			isa = PBXVariantGroup;
			children = (
				75D63DF325ED9A4E00DFA7FA /* Base */,
			);
			name = LaunchScreen.storyboard;
			sourceTree = "<group>";
		};
/* End PBXVariantGroup section */

/* Begin XCBuildConfiguration section */
		75D63DF625ED9A4E00DFA7FA /* Debug */ = {
			isa = XCBuildConfiguration;
			buildSettings = {
				ALWAYS_SEARCH_USER_PATHS = NO;
				CLANG_ANALYZER_NONNULL = YES;
				CLANG_ANALYZER_NUMBER_OBJECT_CONVERSION = YES_AGGRESSIVE;
				CLANG_CXX_LANGUAGE_STANDARD = "gnu++14";
				CLANG_CXX_LIBRARY = "libc++";
				CLANG_ENABLE_MODULES = YES;
				CLANG_ENABLE_OBJC_ARC = YES;
				CLANG_ENABLE_OBJC_WEAK = YES;
				CLANG_WARN_BLOCK_CAPTURE_AUTORELEASING = YES;
				CLANG_WARN_BOOL_CONVERSION = YES;
				CLANG_WARN_COMMA = YES;
				CLANG_WARN_CONSTANT_CONVERSION = YES;
				CLANG_WARN_DEPRECATED_OBJC_IMPLEMENTATIONS = YES;
				CLANG_WARN_DIRECT_OBJC_ISA_USAGE = YES_ERROR;
				CLANG_WARN_DOCUMENTATION_COMMENTS = YES;
				CLANG_WARN_EMPTY_BODY = YES;
				CLANG_WARN_ENUM_CONVERSION = YES;
				CLANG_WARN_INFINITE_RECURSION = YES;
				CLANG_WARN_INT_CONVERSION = YES;
				CLANG_WARN_NON_LITERAL_NULL_CONVERSION = YES;
				CLANG_WARN_OBJC_IMPLICIT_RETAIN_SELF = YES;
				CLANG_WARN_OBJC_LITERAL_CONVERSION = YES;
				CLANG_WARN_OBJC_ROOT_CLASS = YES_ERROR;
				CLANG_WARN_QUOTED_INCLUDE_IN_FRAMEWORK_HEADER = YES;
				CLANG_WARN_RANGE_LOOP_ANALYSIS = YES;
				CLANG_WARN_STRICT_PROTOTYPES = YES;
				CLANG_WARN_SUSPICIOUS_MOVE = YES;
				CLANG_WARN_UNGUARDED_AVAILABILITY = YES_AGGRESSIVE;
				CLANG_WARN_UNREACHABLE_CODE = YES;
				CLANG_WARN__DUPLICATE_METHOD_MATCH = YES;
				COPY_PHASE_STRIP = NO;
				DEBUG_INFORMATION_FORMAT = dwarf;
				ENABLE_STRICT_OBJC_MSGSEND = YES;
				ENABLE_TESTABILITY = YES;
				GCC_C_LANGUAGE_STANDARD = gnu11;
				GCC_DYNAMIC_NO_PIC = NO;
				GCC_NO_COMMON_BLOCKS = YES;
				GCC_OPTIMIZATION_LEVEL = 0;
				GCC_PREPROCESSOR_DEFINITIONS = (
					"DEBUG=1",
					"$(inherited)",
				);
				GCC_WARN_64_TO_32_BIT_CONVERSION = YES;
				GCC_WARN_ABOUT_RETURN_TYPE = YES_ERROR;
				GCC_WARN_UNDECLARED_SELECTOR = YES;
				GCC_WARN_UNINITIALIZED_AUTOS = YES_AGGRESSIVE;
				GCC_WARN_UNUSED_FUNCTION = YES;
				GCC_WARN_UNUSED_VARIABLE = YES;
				IPHONEOS_DEPLOYMENT_TARGET = 14.4;
				MTL_ENABLE_DEBUG_INFO = INCLUDE_SOURCE;
				MTL_FAST_MATH = YES;
				ONLY_ACTIVE_ARCH = YES;
				SDKROOT = iphoneos;
				SWIFT_ACTIVE_COMPILATION_CONDITIONS = DEBUG;
				SWIFT_OPTIMIZATION_LEVEL = "-Onone";
			};
			name = Debug;
		};
		75D63DF725ED9A4E00DFA7FA /* Release */ = {
			isa = XCBuildConfiguration;
			buildSettings = {
				ALWAYS_SEARCH_USER_PATHS = NO;
				CLANG_ANALYZER_NONNULL = YES;
				CLANG_ANALYZER_NUMBER_OBJECT_CONVERSION = YES_AGGRESSIVE;
				CLANG_CXX_LANGUAGE_STANDARD = "gnu++14";
				CLANG_CXX_LIBRARY = "libc++";
				CLANG_ENABLE_MODULES = YES;
				CLANG_ENABLE_OBJC_ARC = YES;
				CLANG_ENABLE_OBJC_WEAK = YES;
				CLANG_WARN_BLOCK_CAPTURE_AUTORELEASING = YES;
				CLANG_WARN_BOOL_CONVERSION = YES;
				CLANG_WARN_COMMA = YES;
				CLANG_WARN_CONSTANT_CONVERSION = YES;
				CLANG_WARN_DEPRECATED_OBJC_IMPLEMENTATIONS = YES;
				CLANG_WARN_DIRECT_OBJC_ISA_USAGE = YES_ERROR;
				CLANG_WARN_DOCUMENTATION_COMMENTS = YES;
				CLANG_WARN_EMPTY_BODY = YES;
				CLANG_WARN_ENUM_CONVERSION = YES;
				CLANG_WARN_INFINITE_RECURSION = YES;
				CLANG_WARN_INT_CONVERSION = YES;
				CLANG_WARN_NON_LITERAL_NULL_CONVERSION = YES;
				CLANG_WARN_OBJC_IMPLICIT_RETAIN_SELF = YES;
				CLANG_WARN_OBJC_LITERAL_CONVERSION = YES;
				CLANG_WARN_OBJC_ROOT_CLASS = YES_ERROR;
				CLANG_WARN_QUOTED_INCLUDE_IN_FRAMEWORK_HEADER = YES;
				CLANG_WARN_RANGE_LOOP_ANALYSIS = YES;
				CLANG_WARN_STRICT_PROTOTYPES = YES;
				CLANG_WARN_SUSPICIOUS_MOVE = YES;
				CLANG_WARN_UNGUARDED_AVAILABILITY = YES_AGGRESSIVE;
				CLANG_WARN_UNREACHABLE_CODE = YES;
				CLANG_WARN__DUPLICATE_METHOD_MATCH = YES;
				COPY_PHASE_STRIP = NO;
				DEBUG_INFORMATION_FORMAT = "dwarf-with-dsym";
				ENABLE_NS_ASSERTIONS = NO;
				ENABLE_STRICT_OBJC_MSGSEND = YES;
				GCC_C_LANGUAGE_STANDARD = gnu11;
				GCC_NO_COMMON_BLOCKS = YES;
				GCC_WARN_64_TO_32_BIT_CONVERSION = YES;
				GCC_WARN_ABOUT_RETURN_TYPE = YES_ERROR;
				GCC_WARN_UNDECLARED_SELECTOR = YES;
				GCC_WARN_UNINITIALIZED_AUTOS = YES_AGGRESSIVE;
				GCC_WARN_UNUSED_FUNCTION = YES;
				GCC_WARN_UNUSED_VARIABLE = YES;
				IPHONEOS_DEPLOYMENT_TARGET = 14.4;
				MTL_ENABLE_DEBUG_INFO = NO;
				MTL_FAST_MATH = YES;
				SDKROOT = iphoneos;
				SWIFT_COMPILATION_MODE = wholemodule;
				SWIFT_OPTIMIZATION_LEVEL = "-O";
				VALIDATE_PRODUCT = YES;
			};
			name = Release;
		};
		75D63DF925ED9A4E00DFA7FA /* Debug */ = {
			isa = XCBuildConfiguration;
			baseConfigurationReference = 5DF88DB4E2C4417E76160BA3 /* Pods-recipes.debug.xcconfig */;
			buildSettings = {
				ASSETCATALOG_COMPILER_APPICON_NAME = AppIcon;
				ASSETCATALOG_COMPILER_GLOBAL_ACCENT_COLOR_NAME = AccentColor;
				CODE_SIGN_STYLE = Automatic;
				INFOPLIST_FILE = recipes/Info.plist;
				LD_RUNPATH_SEARCH_PATHS = (
					"$(inherited)",
					"@executable_path/Frameworks",
				);
				PRODUCT_BUNDLE_IDENTIFIER = ATLAS.recipes;
				PRODUCT_NAME = "$(TARGET_NAME)";
				SWIFT_VERSION = 5.0;
				TARGETED_DEVICE_FAMILY = "1,2";
			};
			name = Debug;
		};
		75D63DFA25ED9A4E00DFA7FA /* Release */ = {
			isa = XCBuildConfiguration;
			baseConfigurationReference = EA409DEE83765D346B4FA824 /* Pods-recipes.release.xcconfig */;
			buildSettings = {
				ASSETCATALOG_COMPILER_APPICON_NAME = AppIcon;
				ASSETCATALOG_COMPILER_GLOBAL_ACCENT_COLOR_NAME = AccentColor;
				CODE_SIGN_STYLE = Automatic;
				INFOPLIST_FILE = recipes/Info.plist;
				LD_RUNPATH_SEARCH_PATHS = (
					"$(inherited)",
					"@executable_path/Frameworks",
				);
				PRODUCT_BUNDLE_IDENTIFIER = ATLAS.recipes;
				PRODUCT_NAME = "$(TARGET_NAME)";
				SWIFT_VERSION = 5.0;
				TARGETED_DEVICE_FAMILY = "1,2";
			};
			name = Release;
		};
/* End XCBuildConfiguration section */

/* Begin XCConfigurationList section */
		75D63DDF25ED9A4B00DFA7FA /* Build configuration list for PBXProject "recipes" */ = {
			isa = XCConfigurationList;
			buildConfigurations = (
				75D63DF625ED9A4E00DFA7FA /* Debug */,
				75D63DF725ED9A4E00DFA7FA /* Release */,
			);
			defaultConfigurationIsVisible = 0;
			defaultConfigurationName = Release;
		};
		75D63DF825ED9A4E00DFA7FA /* Build configuration list for PBXNativeTarget "recipes" */ = {
			isa = XCConfigurationList;
			buildConfigurations = (
				75D63DF925ED9A4E00DFA7FA /* Debug */,
				75D63DFA25ED9A4E00DFA7FA /* Release */,
			);
			defaultConfigurationIsVisible = 0;
			defaultConfigurationName = Release;
		};
/* End XCConfigurationList section */
	};
	rootObject = 75D63DDC25ED9A4B00DFA7FA /* Project object */;
}
